# This file was autogenerated by Stack.
# You should not edit this file by hand.
# For more information, please see the documentation at:
#   https://docs.haskellstack.org/en/stable/topics/lock_files

packages:
- completed:
    hackage: graphwiz-1.0.0@sha256:04efe58def5fe1004c237dd26671006fe1ea81e989c024c14a743659bf5fe976,3297
    pantry-tree:
      sha256: ee1153cfa7b9f67a7cc9f8a411ec550129e5ea26da6b4c20c754645d9a993e09
      size: 968
  original:
    hackage: graphwiz-1.0.0
snapshots:
- completed:
    sha256: 04c9d37f2a00c2bd51bf6b25eb98872059bc58f225d50b5f306ac58f760a178c
    size: 680567
    url: https://raw.githubusercontent.com/commercialhaskell/stackage-snapshots/master/lts/23/9.yaml
  original:
    url: https://raw.githubusercontent.com/commercialhaskell/stackage-snapshots/master/lts/23/9.yaml
