# This file was autogenerated by Stack.
# You should not edit this file by hand.
# For more information, please see the documentation at:
#   https://docs.haskellstack.org/en/stable/topics/lock_files

packages:
- completed:
    hackage: alex-3.5.3.0@sha256:f6fde8ff59e7e38f9e95eca8f5154fb611c9789d1d9538aa9745c6c3cd9495b4,4502
    pantry-tree:
      sha256: bb26eb1163ec8e99df57b4fe8036d10fa474390274e8395d543daadfaad25d48
      size: 4710
  original:
    hackage: alex-3.5.3.0
- completed:
    hackage: graphwiz-3.0.0@sha256:438e8ebf9a83b568d5267049f18defd98cb38d3f09960b3ddfc7cb59f082eabf,3318
    pantry-tree:
      sha256: 4ce90c6b91fb9e5058f70410ec3ab75b838ded50a6f766392964bac94dc7763c
      size: 969
  original:
    hackage: graphwiz-3.0.0
- completed:
    hackage: hip-1.5.6.0@sha256:296c55622f62485422c0a593c7306af1a5abf8ba9f866dcdffc281b01eba65d7,6988
    pantry-tree:
      sha256: d79395e6ec9caf1132a7e001f6fe9b8ebada31e0e52087a4a1a971e3f295a7f4
      size: 7456
  original:
    hackage: hip-1.5.6.0
- completed:
    hackage: prettyprinter-lucid-0.2.0.1@sha256:41072eaa4853c1709798bff36193e29bf47a717f9d1efd30c36b163ada6caeb4,1613
    pantry-tree:
      sha256: 298a6e7c9a194d4b81f564d6558400e208c4f38f3f47ed75b1c2bb47eb4afd5d
      size: 340
  original:
    hackage: prettyprinter-lucid-0.2.0.1
- completed:
    hackage: repa-3.4.2.0@sha256:7fc52911966c64cc1676843f5fee1777931d0161e2e55581bf925feac4ac30c2,3694
    pantry-tree:
      sha256: 172907dae968143cb7ae30e969ec96d92f881b2dec05bd590477eb3c4c1b21f0
      size: 2965
  original:
    hackage: repa-3.4.2.0
snapshots:
- completed:
    sha256: 45b164eaf5c16bd220d2c5d7ab9a66ca0cfbcde7753703a5cb3549172adde813
    size: 728959
    url: https://raw.githubusercontent.com/commercialhaskell/stackage-snapshots/master/lts/24/34.yaml
  original:
    url: https://raw.githubusercontent.com/commercialhaskell/stackage-snapshots/master/lts/24/34.yaml
